
Microsoft Visual Studio Solution File, Format Version 12.00
# Visual Studio 15
VisualStudioVersion = 15.0.28307.1300
MinimumVisualStudioVersion = 10.0.40219.1
Project("{8BC9CEB8-8B4A-11D0-8D11-00A0C91BC942}") = "winter_1_29", "winter_1_29\winter_1_29.vcxproj", "{D99C1A2B-97FD-4975-8FCE-422BAA22C038}"
EndProject
Global
	GlobalSection(SolutionConfigurationPlatforms) = preSolution
		Debug|x64 = Debug|x64
		Debug|x86 = Debug|x86
		Release|x64 = Release|x64
		Release|x86 = Release|x86
	EndGlobalSection
	GlobalSection(ProjectConfigurationPlatforms) = postSolution
		{D99C1A2B-97FD-4975-8FCE-422BAA22C038}.Debug|x64.ActiveCfg = Debug|x64
		{D99C1A2B-97FD-4975-8FCE-422BAA22C038}.Debug|x64.Build.0 = Debug|x64
		{D99C1A2B-97FD-4975-8FCE-422BAA22C038}.Debug|x86.ActiveCfg = Debug|Win32
		{D99C1A2B-97FD-4975-8FCE-422BAA22C038}.Debug|x86.Build.0 = Debug|Win32
		{D99C1A2B-97FD-4975-8FCE-422BAA22C038}.Release|x64.ActiveCfg = Release|x64
		{D99C1A2B-97FD-4975-8FCE-422BAA22C038}.Release|x64.Build.0 = Release|x64
		{D99C1A2B-97FD-4975-8FCE-422BAA22C038}.Release|x86.ActiveCfg = Release|Win32
		{D99C1A2B-97FD-4975-8FCE-422BAA22C038}.Release|x86.Build.0 = Release|Win32
	EndGlobalSection
	GlobalSection(SolutionProperties) = preSolution
		HideSolutionNode = FALSE
	EndGlobalSection
	GlobalSection(ExtensibilityGlobals) = postSolution
		SolutionGuid = {8D6778C2-D06A-4AF6-B864-9B83B7F7C7CD}
	EndGlobalSection
EndGlobal
