
Microsoft Visual Studio Solution File, Format Version 12.00
# Visual Studio 15
VisualStudioVersion = 15.0.28307.1300
MinimumVisualStudioVersion = 10.0.40219.1
Project("{8BC9CEB8-8B4A-11D0-8D11-00A0C91BC942}") = "21-3-5", "21-3-5\21-3-5.vcxproj", "{635B1450-9C2F-4F42-9761-D01A4A2F5655}"
EndProject
Global
	GlobalSection(SolutionConfigurationPlatforms) = preSolution
		Debug|x64 = Debug|x64
		Debug|x86 = Debug|x86
		Release|x64 = Release|x64
		Release|x86 = Release|x86
	EndGlobalSection
	GlobalSection(ProjectConfigurationPlatforms) = postSolution
		{635B1450-9C2F-4F42-9761-D01A4A2F5655}.Debug|x64.ActiveCfg = Debug|x64
		{635B1450-9C2F-4F42-9761-D01A4A2F5655}.Debug|x64.Build.0 = Debug|x64
		{635B1450-9C2F-4F42-9761-D01A4A2F5655}.Debug|x86.ActiveCfg = Debug|Win32
		{635B1450-9C2F-4F42-9761-D01A4A2F5655}.Debug|x86.Build.0 = Debug|Win32
		{635B1450-9C2F-4F42-9761-D01A4A2F5655}.Release|x64.ActiveCfg = Release|x64
		{635B1450-9C2F-4F42-9761-D01A4A2F5655}.Release|x64.Build.0 = Release|x64
		{635B1450-9C2F-4F42-9761-D01A4A2F5655}.Release|x86.ActiveCfg = Release|Win32
		{635B1450-9C2F-4F42-9761-D01A4A2F5655}.Release|x86.Build.0 = Release|Win32
	EndGlobalSection
	GlobalSection(SolutionProperties) = preSolution
		HideSolutionNode = FALSE
	EndGlobalSection
	GlobalSection(ExtensibilityGlobals) = postSolution
		SolutionGuid = {E79503B1-D835-4381-8D88-1036FB37A2B3}
	EndGlobalSection
EndGlobal
