
Microsoft Visual Studio Solution File, Format Version 12.00
# Visual Studio 15
VisualStudioVersion = 15.0.28307.1300
MinimumVisualStudioVersion = 10.0.40219.1
Project("{8BC9CEB8-8B4A-11D0-8D11-00A0C91BC942}") = "winter_2_3", "winter_2_3\winter_2_3.vcxproj", "{D5FAD9CE-40C6-424B-8820-AF881B124B88}"
EndProject
Global
	GlobalSection(SolutionConfigurationPlatforms) = preSolution
		Debug|x64 = Debug|x64
		Debug|x86 = Debug|x86
		Release|x64 = Release|x64
		Release|x86 = Release|x86
	EndGlobalSection
	GlobalSection(ProjectConfigurationPlatforms) = postSolution
		{D5FAD9CE-40C6-424B-8820-AF881B124B88}.Debug|x64.ActiveCfg = Debug|x64
		{D5FAD9CE-40C6-424B-8820-AF881B124B88}.Debug|x64.Build.0 = Debug|x64
		{D5FAD9CE-40C6-424B-8820-AF881B124B88}.Debug|x86.ActiveCfg = Debug|Win32
		{D5FAD9CE-40C6-424B-8820-AF881B124B88}.Debug|x86.Build.0 = Debug|Win32
		{D5FAD9CE-40C6-424B-8820-AF881B124B88}.Release|x64.ActiveCfg = Release|x64
		{D5FAD9CE-40C6-424B-8820-AF881B124B88}.Release|x64.Build.0 = Release|x64
		{D5FAD9CE-40C6-424B-8820-AF881B124B88}.Release|x86.ActiveCfg = Release|Win32
		{D5FAD9CE-40C6-424B-8820-AF881B124B88}.Release|x86.Build.0 = Release|Win32
	EndGlobalSection
	GlobalSection(SolutionProperties) = preSolution
		HideSolutionNode = FALSE
	EndGlobalSection
	GlobalSection(ExtensibilityGlobals) = postSolution
		SolutionGuid = {55067790-2FF0-4657-82AC-0215C0AB541D}
	EndGlobalSection
EndGlobal
