
Microsoft Visual Studio Solution File, Format Version 12.00
# Visual Studio 15
VisualStudioVersion = 15.0.28307.1300
MinimumVisualStudioVersion = 10.0.40219.1
Project("{8BC9CEB8-8B4A-11D0-8D11-00A0C91BC942}") = "21-5-5", "21-5-5\21-5-5.vcxproj", "{7EF34EFC-3DEB-486A-9E65-711D457DC952}"
EndProject
Global
	GlobalSection(SolutionConfigurationPlatforms) = preSolution
		Debug|x64 = Debug|x64
		Debug|x86 = Debug|x86
		Release|x64 = Release|x64
		Release|x86 = Release|x86
	EndGlobalSection
	GlobalSection(ProjectConfigurationPlatforms) = postSolution
		{7EF34EFC-3DEB-486A-9E65-711D457DC952}.Debug|x64.ActiveCfg = Debug|x64
		{7EF34EFC-3DEB-486A-9E65-711D457DC952}.Debug|x64.Build.0 = Debug|x64
		{7EF34EFC-3DEB-486A-9E65-711D457DC952}.Debug|x86.ActiveCfg = Debug|Win32
		{7EF34EFC-3DEB-486A-9E65-711D457DC952}.Debug|x86.Build.0 = Debug|Win32
		{7EF34EFC-3DEB-486A-9E65-711D457DC952}.Release|x64.ActiveCfg = Release|x64
		{7EF34EFC-3DEB-486A-9E65-711D457DC952}.Release|x64.Build.0 = Release|x64
		{7EF34EFC-3DEB-486A-9E65-711D457DC952}.Release|x86.ActiveCfg = Release|Win32
		{7EF34EFC-3DEB-486A-9E65-711D457DC952}.Release|x86.Build.0 = Release|Win32
	EndGlobalSection
	GlobalSection(SolutionProperties) = preSolution
		HideSolutionNode = FALSE
	EndGlobalSection
	GlobalSection(ExtensibilityGlobals) = postSolution
		SolutionGuid = {037CC86F-47B3-4EEB-9BB6-0D2058EB9243}
	EndGlobalSection
EndGlobal
