
Microsoft Visual Studio Solution File, Format Version 12.00
# Visual Studio 15
VisualStudioVersion = 15.0.28307.1300
MinimumVisualStudioVersion = 10.0.40219.1
Project("{8BC9CEB8-8B4A-11D0-8D11-00A0C91BC942}") = "pratice_contact", "pratice_contact\pratice_contact.vcxproj", "{5400CD85-81CC-4B17-ABBA-32B64821F7C7}"
EndProject
Global
	GlobalSection(SolutionConfigurationPlatforms) = preSolution
		Debug|x64 = Debug|x64
		Debug|x86 = Debug|x86
		Release|x64 = Release|x64
		Release|x86 = Release|x86
	EndGlobalSection
	GlobalSection(ProjectConfigurationPlatforms) = postSolution
		{5400CD85-81CC-4B17-ABBA-32B64821F7C7}.Debug|x64.ActiveCfg = Debug|x64
		{5400CD85-81CC-4B17-ABBA-32B64821F7C7}.Debug|x64.Build.0 = Debug|x64
		{5400CD85-81CC-4B17-ABBA-32B64821F7C7}.Debug|x86.ActiveCfg = Debug|Win32
		{5400CD85-81CC-4B17-ABBA-32B64821F7C7}.Debug|x86.Build.0 = Debug|Win32
		{5400CD85-81CC-4B17-ABBA-32B64821F7C7}.Release|x64.ActiveCfg = Release|x64
		{5400CD85-81CC-4B17-ABBA-32B64821F7C7}.Release|x64.Build.0 = Release|x64
		{5400CD85-81CC-4B17-ABBA-32B64821F7C7}.Release|x86.ActiveCfg = Release|Win32
		{5400CD85-81CC-4B17-ABBA-32B64821F7C7}.Release|x86.Build.0 = Release|Win32
	EndGlobalSection
	GlobalSection(SolutionProperties) = preSolution
		HideSolutionNode = FALSE
	EndGlobalSection
	GlobalSection(ExtensibilityGlobals) = postSolution
		SolutionGuid = {EA35855B-5012-496F-A4B8-414D321AB5F0}
	EndGlobalSection
EndGlobal
