
Microsoft Visual Studio Solution File, Format Version 12.00
# Visual Studio 15
VisualStudioVersion = 15.0.28307.1300
MinimumVisualStudioVersion = 10.0.40219.1
Project("{8BC9CEB8-8B4A-11D0-8D11-00A0C91BC942}") = "21-3-1", "21-3-1\21-3-1.vcxproj", "{9AD89B3E-5777-4D31-AD41-1A4FBD9F5A04}"
EndProject
Global
	GlobalSection(SolutionConfigurationPlatforms) = preSolution
		Debug|x64 = Debug|x64
		Debug|x86 = Debug|x86
		Release|x64 = Release|x64
		Release|x86 = Release|x86
	EndGlobalSection
	GlobalSection(ProjectConfigurationPlatforms) = postSolution
		{9AD89B3E-5777-4D31-AD41-1A4FBD9F5A04}.Debug|x64.ActiveCfg = Debug|x64
		{9AD89B3E-5777-4D31-AD41-1A4FBD9F5A04}.Debug|x64.Build.0 = Debug|x64
		{9AD89B3E-5777-4D31-AD41-1A4FBD9F5A04}.Debug|x86.ActiveCfg = Debug|Win32
		{9AD89B3E-5777-4D31-AD41-1A4FBD9F5A04}.Debug|x86.Build.0 = Debug|Win32
		{9AD89B3E-5777-4D31-AD41-1A4FBD9F5A04}.Release|x64.ActiveCfg = Release|x64
		{9AD89B3E-5777-4D31-AD41-1A4FBD9F5A04}.Release|x64.Build.0 = Release|x64
		{9AD89B3E-5777-4D31-AD41-1A4FBD9F5A04}.Release|x86.ActiveCfg = Release|Win32
		{9AD89B3E-5777-4D31-AD41-1A4FBD9F5A04}.Release|x86.Build.0 = Release|Win32
	EndGlobalSection
	GlobalSection(SolutionProperties) = preSolution
		HideSolutionNode = FALSE
	EndGlobalSection
	GlobalSection(ExtensibilityGlobals) = postSolution
		SolutionGuid = {D952DD72-3549-49C3-8144-635509039E2F}
	EndGlobalSection
EndGlobal
