
Microsoft Visual Studio Solution File, Format Version 12.00
# Visual Studio 15
VisualStudioVersion = 15.0.28307.1300
MinimumVisualStudioVersion = 10.0.40219.1
Project("{8BC9CEB8-8B4A-11D0-8D11-00A0C91BC942}") = "Stack", "Stack\Stack.vcxproj", "{080F7516-44CB-4FAE-A63A-63FDE999F7BC}"
EndProject
Global
	GlobalSection(SolutionConfigurationPlatforms) = preSolution
		Debug|x64 = Debug|x64
		Debug|x86 = Debug|x86
		Release|x64 = Release|x64
		Release|x86 = Release|x86
	EndGlobalSection
	GlobalSection(ProjectConfigurationPlatforms) = postSolution
		{080F7516-44CB-4FAE-A63A-63FDE999F7BC}.Debug|x64.ActiveCfg = Debug|x64
		{080F7516-44CB-4FAE-A63A-63FDE999F7BC}.Debug|x64.Build.0 = Debug|x64
		{080F7516-44CB-4FAE-A63A-63FDE999F7BC}.Debug|x86.ActiveCfg = Debug|Win32
		{080F7516-44CB-4FAE-A63A-63FDE999F7BC}.Debug|x86.Build.0 = Debug|Win32
		{080F7516-44CB-4FAE-A63A-63FDE999F7BC}.Release|x64.ActiveCfg = Release|x64
		{080F7516-44CB-4FAE-A63A-63FDE999F7BC}.Release|x64.Build.0 = Release|x64
		{080F7516-44CB-4FAE-A63A-63FDE999F7BC}.Release|x86.ActiveCfg = Release|Win32
		{080F7516-44CB-4FAE-A63A-63FDE999F7BC}.Release|x86.Build.0 = Release|Win32
	EndGlobalSection
	GlobalSection(SolutionProperties) = preSolution
		HideSolutionNode = FALSE
	EndGlobalSection
	GlobalSection(ExtensibilityGlobals) = postSolution
		SolutionGuid = {6432D842-142B-4910-814F-336EF44C2EAF}
	EndGlobalSection
EndGlobal
