
Microsoft Visual Studio Solution File, Format Version 12.00
# Visual Studio 15
VisualStudioVersion = 15.0.28307.1300
MinimumVisualStudioVersion = 10.0.40219.1
Project("{8BC9CEB8-8B4A-11D0-8D11-00A0C91BC942}") = "21-4-26", "21-4-26\21-4-26.vcxproj", "{F1CE64F4-0062-4C08-8F83-83BF62E6EC2C}"
EndProject
Global
	GlobalSection(SolutionConfigurationPlatforms) = preSolution
		Debug|x64 = Debug|x64
		Debug|x86 = Debug|x86
		Release|x64 = Release|x64
		Release|x86 = Release|x86
	EndGlobalSection
	GlobalSection(ProjectConfigurationPlatforms) = postSolution
		{F1CE64F4-0062-4C08-8F83-83BF62E6EC2C}.Debug|x64.ActiveCfg = Debug|x64
		{F1CE64F4-0062-4C08-8F83-83BF62E6EC2C}.Debug|x64.Build.0 = Debug|x64
		{F1CE64F4-0062-4C08-8F83-83BF62E6EC2C}.Debug|x86.ActiveCfg = Debug|Win32
		{F1CE64F4-0062-4C08-8F83-83BF62E6EC2C}.Debug|x86.Build.0 = Debug|Win32
		{F1CE64F4-0062-4C08-8F83-83BF62E6EC2C}.Release|x64.ActiveCfg = Release|x64
		{F1CE64F4-0062-4C08-8F83-83BF62E6EC2C}.Release|x64.Build.0 = Release|x64
		{F1CE64F4-0062-4C08-8F83-83BF62E6EC2C}.Release|x86.ActiveCfg = Release|Win32
		{F1CE64F4-0062-4C08-8F83-83BF62E6EC2C}.Release|x86.Build.0 = Release|Win32
	EndGlobalSection
	GlobalSection(SolutionProperties) = preSolution
		HideSolutionNode = FALSE
	EndGlobalSection
	GlobalSection(ExtensibilityGlobals) = postSolution
		SolutionGuid = {CB4A7384-B798-4A36-8D88-EBE6CF6D143E}
	EndGlobalSection
EndGlobal
