
Microsoft Visual Studio Solution File, Format Version 12.00
# Visual Studio 15
VisualStudioVersion = 15.0.28307.1300
MinimumVisualStudioVersion = 10.0.40219.1
Project("{8BC9CEB8-8B4A-11D0-8D11-00A0C91BC942}") = "21-3-26", "21-3-26\21-3-26.vcxproj", "{72A6CE14-4357-4A55-AA5A-7D0322B9C15F}"
EndProject
Global
	GlobalSection(SolutionConfigurationPlatforms) = preSolution
		Debug|x64 = Debug|x64
		Debug|x86 = Debug|x86
		Release|x64 = Release|x64
		Release|x86 = Release|x86
	EndGlobalSection
	GlobalSection(ProjectConfigurationPlatforms) = postSolution
		{72A6CE14-4357-4A55-AA5A-7D0322B9C15F}.Debug|x64.ActiveCfg = Debug|x64
		{72A6CE14-4357-4A55-AA5A-7D0322B9C15F}.Debug|x64.Build.0 = Debug|x64
		{72A6CE14-4357-4A55-AA5A-7D0322B9C15F}.Debug|x86.ActiveCfg = Debug|Win32
		{72A6CE14-4357-4A55-AA5A-7D0322B9C15F}.Debug|x86.Build.0 = Debug|Win32
		{72A6CE14-4357-4A55-AA5A-7D0322B9C15F}.Release|x64.ActiveCfg = Release|x64
		{72A6CE14-4357-4A55-AA5A-7D0322B9C15F}.Release|x64.Build.0 = Release|x64
		{72A6CE14-4357-4A55-AA5A-7D0322B9C15F}.Release|x86.ActiveCfg = Release|Win32
		{72A6CE14-4357-4A55-AA5A-7D0322B9C15F}.Release|x86.Build.0 = Release|Win32
	EndGlobalSection
	GlobalSection(SolutionProperties) = preSolution
		HideSolutionNode = FALSE
	EndGlobalSection
	GlobalSection(ExtensibilityGlobals) = postSolution
		SolutionGuid = {577063E1-C672-4A14-84AF-73F1EA9E66DE}
	EndGlobalSection
EndGlobal
