
Microsoft Visual Studio Solution File, Format Version 12.00
# Visual Studio 15
VisualStudioVersion = 15.0.28307.1300
MinimumVisualStudioVersion = 10.0.40219.1
Project("{8BC9CEB8-8B4A-11D0-8D11-00A0C91BC942}") = "21-3-24", "21-3-24\21-3-24.vcxproj", "{826B2457-EC27-42BD-8551-7F5D13EF1503}"
EndProject
Global
	GlobalSection(SolutionConfigurationPlatforms) = preSolution
		Debug|x64 = Debug|x64
		Debug|x86 = Debug|x86
		Release|x64 = Release|x64
		Release|x86 = Release|x86
	EndGlobalSection
	GlobalSection(ProjectConfigurationPlatforms) = postSolution
		{826B2457-EC27-42BD-8551-7F5D13EF1503}.Debug|x64.ActiveCfg = Debug|x64
		{826B2457-EC27-42BD-8551-7F5D13EF1503}.Debug|x64.Build.0 = Debug|x64
		{826B2457-EC27-42BD-8551-7F5D13EF1503}.Debug|x86.ActiveCfg = Debug|Win32
		{826B2457-EC27-42BD-8551-7F5D13EF1503}.Debug|x86.Build.0 = Debug|Win32
		{826B2457-EC27-42BD-8551-7F5D13EF1503}.Release|x64.ActiveCfg = Release|x64
		{826B2457-EC27-42BD-8551-7F5D13EF1503}.Release|x64.Build.0 = Release|x64
		{826B2457-EC27-42BD-8551-7F5D13EF1503}.Release|x86.ActiveCfg = Release|Win32
		{826B2457-EC27-42BD-8551-7F5D13EF1503}.Release|x86.Build.0 = Release|Win32
	EndGlobalSection
	GlobalSection(SolutionProperties) = preSolution
		HideSolutionNode = FALSE
	EndGlobalSection
	GlobalSection(ExtensibilityGlobals) = postSolution
		SolutionGuid = {7236AEAE-9A32-428F-A219-6A5F63BEF634}
	EndGlobalSection
EndGlobal
