
Microsoft Visual Studio Solution File, Format Version 12.00
# Visual Studio 15
VisualStudioVersion = 15.0.28307.1300
MinimumVisualStudioVersion = 10.0.40219.1
Project("{8BC9CEB8-8B4A-11D0-8D11-00A0C91BC942}") = "21-5-21", "21-5-21\21-5-21.vcxproj", "{4C816296-BE5B-4013-8843-9B219DE22F8F}"
EndProject
Global
	GlobalSection(SolutionConfigurationPlatforms) = preSolution
		Debug|x64 = Debug|x64
		Debug|x86 = Debug|x86
		Release|x64 = Release|x64
		Release|x86 = Release|x86
	EndGlobalSection
	GlobalSection(ProjectConfigurationPlatforms) = postSolution
		{4C816296-BE5B-4013-8843-9B219DE22F8F}.Debug|x64.ActiveCfg = Debug|x64
		{4C816296-BE5B-4013-8843-9B219DE22F8F}.Debug|x64.Build.0 = Debug|x64
		{4C816296-BE5B-4013-8843-9B219DE22F8F}.Debug|x86.ActiveCfg = Debug|Win32
		{4C816296-BE5B-4013-8843-9B219DE22F8F}.Debug|x86.Build.0 = Debug|Win32
		{4C816296-BE5B-4013-8843-9B219DE22F8F}.Release|x64.ActiveCfg = Release|x64
		{4C816296-BE5B-4013-8843-9B219DE22F8F}.Release|x64.Build.0 = Release|x64
		{4C816296-BE5B-4013-8843-9B219DE22F8F}.Release|x86.ActiveCfg = Release|Win32
		{4C816296-BE5B-4013-8843-9B219DE22F8F}.Release|x86.Build.0 = Release|Win32
	EndGlobalSection
	GlobalSection(SolutionProperties) = preSolution
		HideSolutionNode = FALSE
	EndGlobalSection
	GlobalSection(ExtensibilityGlobals) = postSolution
		SolutionGuid = {DD3B1B68-9D30-4571-9B5B-2D76F9D1E1E9}
	EndGlobalSection
EndGlobal
