
Microsoft Visual Studio Solution File, Format Version 12.00
# Visual Studio 15
VisualStudioVersion = 15.0.28307.1300
MinimumVisualStudioVersion = 10.0.40219.1
Project("{8BC9CEB8-8B4A-11D0-8D11-00A0C91BC942}") = "winter-2-5", "winter-2-5\winter-2-5.vcxproj", "{9272A52B-A440-4A3A-B65D-DD8F32F917CB}"
EndProject
Global
	GlobalSection(SolutionConfigurationPlatforms) = preSolution
		Debug|x64 = Debug|x64
		Debug|x86 = Debug|x86
		Release|x64 = Release|x64
		Release|x86 = Release|x86
	EndGlobalSection
	GlobalSection(ProjectConfigurationPlatforms) = postSolution
		{9272A52B-A440-4A3A-B65D-DD8F32F917CB}.Debug|x64.ActiveCfg = Debug|x64
		{9272A52B-A440-4A3A-B65D-DD8F32F917CB}.Debug|x64.Build.0 = Debug|x64
		{9272A52B-A440-4A3A-B65D-DD8F32F917CB}.Debug|x86.ActiveCfg = Debug|Win32
		{9272A52B-A440-4A3A-B65D-DD8F32F917CB}.Debug|x86.Build.0 = Debug|Win32
		{9272A52B-A440-4A3A-B65D-DD8F32F917CB}.Release|x64.ActiveCfg = Release|x64
		{9272A52B-A440-4A3A-B65D-DD8F32F917CB}.Release|x64.Build.0 = Release|x64
		{9272A52B-A440-4A3A-B65D-DD8F32F917CB}.Release|x86.ActiveCfg = Release|Win32
		{9272A52B-A440-4A3A-B65D-DD8F32F917CB}.Release|x86.Build.0 = Release|Win32
	EndGlobalSection
	GlobalSection(SolutionProperties) = preSolution
		HideSolutionNode = FALSE
	EndGlobalSection
	GlobalSection(ExtensibilityGlobals) = postSolution
		SolutionGuid = {625D0AB9-22E9-4629-B64F-544B0D347E49}
	EndGlobalSection
EndGlobal
