
Microsoft Visual Studio Solution File, Format Version 12.00
# Visual Studio 15
VisualStudioVersion = 15.0.28307.1300
MinimumVisualStudioVersion = 10.0.40219.1
Project("{8BC9CEB8-8B4A-11D0-8D11-00A0C91BC942}") = "winter_1_31", "winter_1_31\winter_1_31.vcxproj", "{10C053B1-8121-4981-BBD8-5BF7E9388D9B}"
EndProject
Global
	GlobalSection(SolutionConfigurationPlatforms) = preSolution
		Debug|x64 = Debug|x64
		Debug|x86 = Debug|x86
		Release|x64 = Release|x64
		Release|x86 = Release|x86
	EndGlobalSection
	GlobalSection(ProjectConfigurationPlatforms) = postSolution
		{10C053B1-8121-4981-BBD8-5BF7E9388D9B}.Debug|x64.ActiveCfg = Debug|x64
		{10C053B1-8121-4981-BBD8-5BF7E9388D9B}.Debug|x64.Build.0 = Debug|x64
		{10C053B1-8121-4981-BBD8-5BF7E9388D9B}.Debug|x86.ActiveCfg = Debug|Win32
		{10C053B1-8121-4981-BBD8-5BF7E9388D9B}.Debug|x86.Build.0 = Debug|Win32
		{10C053B1-8121-4981-BBD8-5BF7E9388D9B}.Release|x64.ActiveCfg = Release|x64
		{10C053B1-8121-4981-BBD8-5BF7E9388D9B}.Release|x64.Build.0 = Release|x64
		{10C053B1-8121-4981-BBD8-5BF7E9388D9B}.Release|x86.ActiveCfg = Release|Win32
		{10C053B1-8121-4981-BBD8-5BF7E9388D9B}.Release|x86.Build.0 = Release|Win32
	EndGlobalSection
	GlobalSection(SolutionProperties) = preSolution
		HideSolutionNode = FALSE
	EndGlobalSection
	GlobalSection(ExtensibilityGlobals) = postSolution
		SolutionGuid = {E0BBA8C1-15EF-441A-B12C-248BC2FFD193}
	EndGlobalSection
EndGlobal
