
Microsoft Visual Studio Solution File, Format Version 12.00
# Visual Studio 15
VisualStudioVersion = 15.0.28307.1300
MinimumVisualStudioVersion = 10.0.40219.1
Project("{8BC9CEB8-8B4A-11D0-8D11-00A0C91BC942}") = "21-3-3", "21-3-3\21-3-3.vcxproj", "{A6D57D8D-886C-4EEE-8321-9FB49B4DC069}"
EndProject
Global
	GlobalSection(SolutionConfigurationPlatforms) = preSolution
		Debug|x64 = Debug|x64
		Debug|x86 = Debug|x86
		Release|x64 = Release|x64
		Release|x86 = Release|x86
	EndGlobalSection
	GlobalSection(ProjectConfigurationPlatforms) = postSolution
		{A6D57D8D-886C-4EEE-8321-9FB49B4DC069}.Debug|x64.ActiveCfg = Debug|x64
		{A6D57D8D-886C-4EEE-8321-9FB49B4DC069}.Debug|x64.Build.0 = Debug|x64
		{A6D57D8D-886C-4EEE-8321-9FB49B4DC069}.Debug|x86.ActiveCfg = Debug|Win32
		{A6D57D8D-886C-4EEE-8321-9FB49B4DC069}.Debug|x86.Build.0 = Debug|Win32
		{A6D57D8D-886C-4EEE-8321-9FB49B4DC069}.Release|x64.ActiveCfg = Release|x64
		{A6D57D8D-886C-4EEE-8321-9FB49B4DC069}.Release|x64.Build.0 = Release|x64
		{A6D57D8D-886C-4EEE-8321-9FB49B4DC069}.Release|x86.ActiveCfg = Release|Win32
		{A6D57D8D-886C-4EEE-8321-9FB49B4DC069}.Release|x86.Build.0 = Release|Win32
	EndGlobalSection
	GlobalSection(SolutionProperties) = preSolution
		HideSolutionNode = FALSE
	EndGlobalSection
	GlobalSection(ExtensibilityGlobals) = postSolution
		SolutionGuid = {4980DE68-BA01-4C43-AC30-4325A907F92C}
	EndGlobalSection
EndGlobal
